
Microsoft Visual Studio Solution File, Format Version 12.00
# Visual Studio Version 17
VisualStudioVersion = 17.0.32112.339
MinimumVisualStudioVersion = 10.0.40219.1
Project("{8BC9CEB8-8B4A-11D0-8D11-00A0C91BC942}") = "DISELAPI", "DISELAPI\DISELAPI.vcxproj", "{ACA16F42-8990-4052-B790-189841E4298B}"
EndProject
Project("{8BC9CEB8-8B4A-11D0-8D11-00A0C91BC942}") = "DISELAPILIB", "DISELAPILIB\DISELAPILIB.vcxproj", "{91A6E29F-735B-40A7-B25B-4923F97D24C5}"
EndProject
Project("{8BC9CEB8-8B4A-11D0-8D11-00A0C91BC942}") = "definationCompilerLIB", "definationCompilerLIB\definationCompilerLIB.vcxproj", "{C2F0AA53-749E-40CE-84BF-AD32C6DD4AFB}"
EndProject
Project("{8BC9CEB8-8B4A-11D0-8D11-00A0C91BC942}") = "antlr4cpp-vs2019", "ANTLRruntime\antlr4cpp-vs2019.vcxproj", "{83BE66CD-9C4F-4F84-B72A-DD1855C8FC8A}"
EndProject
Global
	GlobalSection(SolutionConfigurationPlatforms) = preSolution
		Debug DLL|x64 = Debug DLL|x64
		Debug DLL|x86 = Debug DLL|x86
		Debug Static|x64 = Debug Static|x64
		Debug Static|x86 = Debug Static|x86
		Debug|x64 = Debug|x64
		Debug|x86 = Debug|x86
		Release DLL|x64 = Release DLL|x64
		Release DLL|x86 = Release DLL|x86
		Release Static|x64 = Release Static|x64
		Release Static|x86 = Release Static|x86
		Release|x64 = Release|x64
		Release|x86 = Release|x86
	EndGlobalSection
	GlobalSection(ProjectConfigurationPlatforms) = postSolution
		{ACA16F42-8990-4052-B790-189841E4298B}.Debug DLL|x64.ActiveCfg = Debug|x64
		{ACA16F42-8990-4052-B790-189841E4298B}.Debug DLL|x64.Build.0 = Debug|x64
		{ACA16F42-8990-4052-B790-189841E4298B}.Debug DLL|x86.ActiveCfg = Debug|Win32
		{ACA16F42-8990-4052-B790-189841E4298B}.Debug DLL|x86.Build.0 = Debug|Win32
		{ACA16F42-8990-4052-B790-189841E4298B}.Debug Static|x64.ActiveCfg = Debug|x64
		{ACA16F42-8990-4052-B790-189841E4298B}.Debug Static|x64.Build.0 = Debug|x64
		{ACA16F42-8990-4052-B790-189841E4298B}.Debug Static|x86.ActiveCfg = Debug|Win32
		{ACA16F42-8990-4052-B790-189841E4298B}.Debug Static|x86.Build.0 = Debug|Win32
		{ACA16F42-8990-4052-B790-189841E4298B}.Debug|x64.ActiveCfg = Debug|x64
		{ACA16F42-8990-4052-B790-189841E4298B}.Debug|x64.Build.0 = Debug|x64
		{ACA16F42-8990-4052-B790-189841E4298B}.Debug|x86.ActiveCfg = Debug|Win32
		{ACA16F42-8990-4052-B790-189841E4298B}.Debug|x86.Build.0 = Debug|Win32
		{ACA16F42-8990-4052-B790-189841E4298B}.Release DLL|x64.ActiveCfg = Release DLL|x64
		{ACA16F42-8990-4052-B790-189841E4298B}.Release DLL|x64.Build.0 = Release DLL|x64
		{ACA16F42-8990-4052-B790-189841E4298B}.Release DLL|x86.ActiveCfg = Release DLL|Win32
		{ACA16F42-8990-4052-B790-189841E4298B}.Release DLL|x86.Build.0 = Release DLL|Win32
		{ACA16F42-8990-4052-B790-189841E4298B}.Release Static|x64.ActiveCfg = Release DLL|x64
		{ACA16F42-8990-4052-B790-189841E4298B}.Release Static|x64.Build.0 = Release DLL|x64
		{ACA16F42-8990-4052-B790-189841E4298B}.Release Static|x86.ActiveCfg = Release DLL|Win32
		{ACA16F42-8990-4052-B790-189841E4298B}.Release Static|x86.Build.0 = Release DLL|Win32
		{ACA16F42-8990-4052-B790-189841E4298B}.Release|x64.ActiveCfg = Release|x64
		{ACA16F42-8990-4052-B790-189841E4298B}.Release|x64.Build.0 = Release|x64
		{ACA16F42-8990-4052-B790-189841E4298B}.Release|x86.ActiveCfg = Release|Win32
		{ACA16F42-8990-4052-B790-189841E4298B}.Release|x86.Build.0 = Release|Win32
		{91A6E29F-735B-40A7-B25B-4923F97D24C5}.Debug DLL|x64.ActiveCfg = Debug|x64
		{91A6E29F-735B-40A7-B25B-4923F97D24C5}.Debug DLL|x64.Build.0 = Debug|x64
		{91A6E29F-735B-40A7-B25B-4923F97D24C5}.Debug DLL|x86.ActiveCfg = Debug|Win32
		{91A6E29F-735B-40A7-B25B-4923F97D24C5}.Debug DLL|x86.Build.0 = Debug|Win32
		{91A6E29F-735B-40A7-B25B-4923F97D24C5}.Debug Static|x64.ActiveCfg = Debug|x64
		{91A6E29F-735B-40A7-B25B-4923F97D24C5}.Debug Static|x64.Build.0 = Debug|x64
		{91A6E29F-735B-40A7-B25B-4923F97D24C5}.Debug Static|x86.ActiveCfg = Debug|Win32
		{91A6E29F-735B-40A7-B25B-4923F97D24C5}.Debug Static|x86.Build.0 = Debug|Win32
		{91A6E29F-735B-40A7-B25B-4923F97D24C5}.Debug|x64.ActiveCfg = Debug|x64
		{91A6E29F-735B-40A7-B25B-4923F97D24C5}.Debug|x64.Build.0 = Debug|x64
		{91A6E29F-735B-40A7-B25B-4923F97D24C5}.Debug|x86.ActiveCfg = Debug|Win32
		{91A6E29F-735B-40A7-B25B-4923F97D24C5}.Debug|x86.Build.0 = Debug|Win32
		{91A6E29F-735B-40A7-B25B-4923F97D24C5}.Release DLL|x64.ActiveCfg = Release|x64
		{91A6E29F-735B-40A7-B25B-4923F97D24C5}.Release DLL|x64.Build.0 = Release|x64
		{91A6E29F-735B-40A7-B25B-4923F97D24C5}.Release DLL|x86.ActiveCfg = Release|Win32
		{91A6E29F-735B-40A7-B25B-4923F97D24C5}.Release DLL|x86.Build.0 = Release|Win32
		{91A6E29F-735B-40A7-B25B-4923F97D24C5}.Release Static|x64.ActiveCfg = Release|x64
		{91A6E29F-735B-40A7-B25B-4923F97D24C5}.Release Static|x64.Build.0 = Release|x64
		{91A6E29F-735B-40A7-B25B-4923F97D24C5}.Release Static|x86.ActiveCfg = Release|Win32
		{91A6E29F-735B-40A7-B25B-4923F97D24C5}.Release Static|x86.Build.0 = Release|Win32
		{91A6E29F-735B-40A7-B25B-4923F97D24C5}.Release|x64.ActiveCfg = Release|x64
		{91A6E29F-735B-40A7-B25B-4923F97D24C5}.Release|x64.Build.0 = Release|x64
		{91A6E29F-735B-40A7-B25B-4923F97D24C5}.Release|x86.ActiveCfg = Release|Win32
		{91A6E29F-735B-40A7-B25B-4923F97D24C5}.Release|x86.Build.0 = Release|Win32
		{C2F0AA53-749E-40CE-84BF-AD32C6DD4AFB}.Debug DLL|x64.ActiveCfg = Debug|x64
		{C2F0AA53-749E-40CE-84BF-AD32C6DD4AFB}.Debug DLL|x64.Build.0 = Debug|x64
		{C2F0AA53-749E-40CE-84BF-AD32C6DD4AFB}.Debug DLL|x86.ActiveCfg = Debug|Win32
		{C2F0AA53-749E-40CE-84BF-AD32C6DD4AFB}.Debug DLL|x86.Build.0 = Debug|Win32
		{C2F0AA53-749E-40CE-84BF-AD32C6DD4AFB}.Debug Static|x64.ActiveCfg = Debug|x64
		{C2F0AA53-749E-40CE-84BF-AD32C6DD4AFB}.Debug Static|x64.Build.0 = Debug|x64
		{C2F0AA53-749E-40CE-84BF-AD32C6DD4AFB}.Debug Static|x86.ActiveCfg = Debug|Win32
		{C2F0AA53-749E-40CE-84BF-AD32C6DD4AFB}.Debug Static|x86.Build.0 = Debug|Win32
		{C2F0AA53-749E-40CE-84BF-AD32C6DD4AFB}.Debug|x64.ActiveCfg = Debug|x64
		{C2F0AA53-749E-40CE-84BF-AD32C6DD4AFB}.Debug|x64.Build.0 = Debug|x64
		{C2F0AA53-749E-40CE-84BF-AD32C6DD4AFB}.Debug|x86.ActiveCfg = Debug|Win32
		{C2F0AA53-749E-40CE-84BF-AD32C6DD4AFB}.Debug|x86.Build.0 = Debug|Win32
		{C2F0AA53-749E-40CE-84BF-AD32C6DD4AFB}.Release DLL|x64.ActiveCfg = Release|x64
		{C2F0AA53-749E-40CE-84BF-AD32C6DD4AFB}.Release DLL|x64.Build.0 = Release|x64
		{C2F0AA53-749E-40CE-84BF-AD32C6DD4AFB}.Release DLL|x86.ActiveCfg = Release|Win32
		{C2F0AA53-749E-40CE-84BF-AD32C6DD4AFB}.Release DLL|x86.Build.0 = Release|Win32
		{C2F0AA53-749E-40CE-84BF-AD32C6DD4AFB}.Release Static|x64.ActiveCfg = Release|x64
		{C2F0AA53-749E-40CE-84BF-AD32C6DD4AFB}.Release Static|x64.Build.0 = Release|x64
		{C2F0AA53-749E-40CE-84BF-AD32C6DD4AFB}.Release Static|x86.ActiveCfg = Release|Win32
		{C2F0AA53-749E-40CE-84BF-AD32C6DD4AFB}.Release Static|x86.Build.0 = Release|Win32
		{C2F0AA53-749E-40CE-84BF-AD32C6DD4AFB}.Release|x64.ActiveCfg = Release|x64
		{C2F0AA53-749E-40CE-84BF-AD32C6DD4AFB}.Release|x64.Build.0 = Release|x64
		{C2F0AA53-749E-40CE-84BF-AD32C6DD4AFB}.Release|x86.ActiveCfg = Release|Win32
		{C2F0AA53-749E-40CE-84BF-AD32C6DD4AFB}.Release|x86.Build.0 = Release|Win32
		{83BE66CD-9C4F-4F84-B72A-DD1855C8FC8A}.Debug DLL|x64.ActiveCfg = Debug DLL|x64
		{83BE66CD-9C4F-4F84-B72A-DD1855C8FC8A}.Debug DLL|x64.Build.0 = Debug DLL|x64
		{83BE66CD-9C4F-4F84-B72A-DD1855C8FC8A}.Debug DLL|x86.ActiveCfg = Debug DLL|Win32
		{83BE66CD-9C4F-4F84-B72A-DD1855C8FC8A}.Debug DLL|x86.Build.0 = Debug DLL|Win32
		{83BE66CD-9C4F-4F84-B72A-DD1855C8FC8A}.Debug Static|x64.ActiveCfg = Debug Static|x64
		{83BE66CD-9C4F-4F84-B72A-DD1855C8FC8A}.Debug Static|x64.Build.0 = Debug Static|x64
		{83BE66CD-9C4F-4F84-B72A-DD1855C8FC8A}.Debug Static|x86.ActiveCfg = Debug Static|Win32
		{83BE66CD-9C4F-4F84-B72A-DD1855C8FC8A}.Debug Static|x86.Build.0 = Debug Static|Win32
		{83BE66CD-9C4F-4F84-B72A-DD1855C8FC8A}.Debug|x64.ActiveCfg = Debug DLL|x64
		{83BE66CD-9C4F-4F84-B72A-DD1855C8FC8A}.Debug|x64.Build.0 = Debug DLL|x64
		{83BE66CD-9C4F-4F84-B72A-DD1855C8FC8A}.Debug|x86.ActiveCfg = Debug DLL|Win32
		{83BE66CD-9C4F-4F84-B72A-DD1855C8FC8A}.Debug|x86.Build.0 = Debug DLL|Win32
		{83BE66CD-9C4F-4F84-B72A-DD1855C8FC8A}.Release DLL|x64.ActiveCfg = Release DLL|x64
		{83BE66CD-9C4F-4F84-B72A-DD1855C8FC8A}.Release DLL|x64.Build.0 = Release DLL|x64
		{83BE66CD-9C4F-4F84-B72A-DD1855C8FC8A}.Release DLL|x86.ActiveCfg = Release DLL|Win32
		{83BE66CD-9C4F-4F84-B72A-DD1855C8FC8A}.Release DLL|x86.Build.0 = Release DLL|Win32
		{83BE66CD-9C4F-4F84-B72A-DD1855C8FC8A}.Release Static|x64.ActiveCfg = Release Static|x64
		{83BE66CD-9C4F-4F84-B72A-DD1855C8FC8A}.Release Static|x64.Build.0 = Release Static|x64
		{83BE66CD-9C4F-4F84-B72A-DD1855C8FC8A}.Release Static|x86.ActiveCfg = Release Static|Win32
		{83BE66CD-9C4F-4F84-B72A-DD1855C8FC8A}.Release Static|x86.Build.0 = Release Static|Win32
		{83BE66CD-9C4F-4F84-B72A-DD1855C8FC8A}.Release|x64.ActiveCfg = Release DLL|x64
		{83BE66CD-9C4F-4F84-B72A-DD1855C8FC8A}.Release|x64.Build.0 = Release DLL|x64
		{83BE66CD-9C4F-4F84-B72A-DD1855C8FC8A}.Release|x86.ActiveCfg = Release DLL|Win32
		{83BE66CD-9C4F-4F84-B72A-DD1855C8FC8A}.Release|x86.Build.0 = Release DLL|Win32
	EndGlobalSection
	GlobalSection(SolutionProperties) = preSolution
		HideSolutionNode = FALSE
	EndGlobalSection
	GlobalSection(ExtensibilityGlobals) = postSolution
		SolutionGuid = {99283445-0E04-4EC4-A2CB-6AAFEC742CB9}
	EndGlobalSection
EndGlobal
